
Microsoft Visual Studio Solution File, Format Version 12.00
# Visual Studio 2012
Project("{FAE04EC0-301F-11D3-BF4B-00C04F79EFBC}") = "KassaKvitto", "KassaKvitto\KassaKvitto.csproj", "{1DE8F4B3-A9B1-47F3-BE94-BDB80C80963F}"
EndProject
Global
	GlobalSection(SolutionConfigurationPlatforms) = preSolution
		Debug|Any CPU = Debug|Any CPU
		Release|Any CPU = Release|Any CPU
	EndGlobalSection
	GlobalSection(ProjectConfigurationPlatforms) = postSolution
		{1DE8F4B3-A9B1-47F3-BE94-BDB80C80963F}.Debug|Any CPU.ActiveCfg = Debug|Any CPU
		{1DE8F4B3-A9B1-47F3-BE94-BDB80C80963F}.Debug|Any CPU.Build.0 = Debug|Any CPU
		{1DE8F4B3-A9B1-47F3-BE94-BDB80C80963F}.Release|Any CPU.ActiveCfg = Release|Any CPU
		{1DE8F4B3-A9B1-47F3-BE94-BDB80C80963F}.Release|Any CPU.Build.0 = Release|Any CPU
	EndGlobalSection
	GlobalSection(SolutionProperties) = preSolution
		HideSolutionNode = FALSE
	EndGlobalSection
EndGlobal
